
Microsoft Visual Studio Solution File, Format Version 12.00
# Visual Studio Version 17
VisualStudioVersion = 17.8.34322.80
MinimumVisualStudioVersion = 10.0.40219.1
Project("{FAE04EC0-301F-11D3-BF4B-00C04F79EFBC}") = "IndidProject", "IndidProject.csproj", "{EB8B3FF5-1C90-44E5-B1B0-222A3A3B82DF}"
EndProject
Global
	GlobalSection(SolutionConfigurationPlatforms) = preSolution
		Debug|Any CPU = Debug|Any CPU
		Release|Any CPU = Release|Any CPU
	EndGlobalSection
	GlobalSection(ProjectConfigurationPlatforms) = postSolution
		{EB8B3FF5-1C90-44E5-B1B0-222A3A3B82DF}.Debug|Any CPU.ActiveCfg = Debug|Any CPU
		{EB8B3FF5-1C90-44E5-B1B0-222A3A3B82DF}.Debug|Any CPU.Build.0 = Debug|Any CPU
		{EB8B3FF5-1C90-44E5-B1B0-222A3A3B82DF}.Release|Any CPU.ActiveCfg = Release|Any CPU
		{EB8B3FF5-1C90-44E5-B1B0-222A3A3B82DF}.Release|Any CPU.Build.0 = Release|Any CPU
	EndGlobalSection
	GlobalSection(SolutionProperties) = preSolution
		HideSolutionNode = FALSE
	EndGlobalSection
	GlobalSection(ExtensibilityGlobals) = postSolution
		SolutionGuid = {C0B1AD3B-B31E-490A-8921-ACF885B8C511}
	EndGlobalSection
EndGlobal
